
Microsoft Visual Studio Solution File, Format Version 12.00
# Visual Studio Version 17
VisualStudioVersion = 17.8.34227.203
MinimumVisualStudioVersion = 10.0.40219.1
Project("{FAE04EC0-301F-11D3-BF4B-00C04F79EFBC}") = "EmployeesDesignation", "EmployeesDesignation\EmployeesDesignation.csproj", "{F48E6780-4D79-4453-BAF7-6754EBC4F961}"
EndProject
Global
	GlobalSection(SolutionConfigurationPlatforms) = preSolution
		Debug|Any CPU = Debug|Any CPU
		Release|Any CPU = Release|Any CPU
	EndGlobalSection
	GlobalSection(ProjectConfigurationPlatforms) = postSolution
		{F48E6780-4D79-4453-BAF7-6754EBC4F961}.Debug|Any CPU.ActiveCfg = Debug|Any CPU
		{F48E6780-4D79-4453-BAF7-6754EBC4F961}.Debug|Any CPU.Build.0 = Debug|Any CPU
		{F48E6780-4D79-4453-BAF7-6754EBC4F961}.Release|Any CPU.ActiveCfg = Release|Any CPU
		{F48E6780-4D79-4453-BAF7-6754EBC4F961}.Release|Any CPU.Build.0 = Release|Any CPU
	EndGlobalSection
	GlobalSection(SolutionProperties) = preSolution
		HideSolutionNode = FALSE
	EndGlobalSection
	GlobalSection(ExtensibilityGlobals) = postSolution
		SolutionGuid = {845378A4-753F-4CB4-8DEF-3C0A56AEC174}
	EndGlobalSection
EndGlobal
